
Microsoft Visual Studio Solution File, Format Version 12.00
# Visual Studio Version 17
VisualStudioVersion = 17.2.32516.85
MinimumVisualStudioVersion = 10.0.40219.1
Project("{FAE04EC0-301F-11D3-BF4B-00C04F79EFBC}") = "SOLID.ISP", "SOLID.ISP\SOLID.ISP.csproj", "{71E05CEA-54B0-497C-8956-CA9C8A4FCBF4}"
EndProject
Project("{FAE04EC0-301F-11D3-BF4B-00C04F79EFBC}") = "DemoLibrary", "DemoLibrary\DemoLibrary.csproj", "{05C1E767-F2EE-425B-9A3B-EBB1744E5F5B}"
EndProject
Global
	GlobalSection(SolutionConfigurationPlatforms) = preSolution
		Debug|Any CPU = Debug|Any CPU
		Release|Any CPU = Release|Any CPU
	EndGlobalSection
	GlobalSection(ProjectConfigurationPlatforms) = postSolution
		{71E05CEA-54B0-497C-8956-CA9C8A4FCBF4}.Debug|Any CPU.ActiveCfg = Debug|Any CPU
		{71E05CEA-54B0-497C-8956-CA9C8A4FCBF4}.Debug|Any CPU.Build.0 = Debug|Any CPU
		{71E05CEA-54B0-497C-8956-CA9C8A4FCBF4}.Release|Any CPU.ActiveCfg = Release|Any CPU
		{71E05CEA-54B0-497C-8956-CA9C8A4FCBF4}.Release|Any CPU.Build.0 = Release|Any CPU
		{05C1E767-F2EE-425B-9A3B-EBB1744E5F5B}.Debug|Any CPU.ActiveCfg = Debug|Any CPU
		{05C1E767-F2EE-425B-9A3B-EBB1744E5F5B}.Debug|Any CPU.Build.0 = Debug|Any CPU
		{05C1E767-F2EE-425B-9A3B-EBB1744E5F5B}.Release|Any CPU.ActiveCfg = Release|Any CPU
		{05C1E767-F2EE-425B-9A3B-EBB1744E5F5B}.Release|Any CPU.Build.0 = Release|Any CPU
	EndGlobalSection
	GlobalSection(SolutionProperties) = preSolution
		HideSolutionNode = FALSE
	EndGlobalSection
	GlobalSection(ExtensibilityGlobals) = postSolution
		SolutionGuid = {77D10833-707E-49B5-98ED-304D47BA5EB1}
	EndGlobalSection
EndGlobal
